
Microsoft Visual Studio Solution File, Format Version 12.00
# Visual Studio Version 16
VisualStudioVersion = 16.0.30002.166
MinimumVisualStudioVersion = 10.0.40219.1
Project("{9A19103F-16F7-4668-BE54-9A1E7A4F7556}") = "CAR", "CAR.csproj", "{09C4158D-E5E1-497F-AD6E-DC976BA7E152}"
EndProject
Project("{FAE04EC0-301F-11D3-BF4B-00C04F79EFBC}") = "Application", "..\Application\Application.csproj", "{3288CEC4-AC11-4F78-8EBF-2DB55E3F7F2B}"
EndProject
Project("{FAE04EC0-301F-11D3-BF4B-00C04F79EFBC}") = "Domain", "..\Domain\Domain.csproj", "{C97D989F-744E-45B9-94D8-A3E1F5CA437A}"
EndProject
Project("{FAE04EC0-301F-11D3-BF4B-00C04F79EFBC}") = "Infrastructure", "..\Infrastructure\Infrastructure.csproj", "{DBF44FF3-DBDB-4D91-9721-67E5D1BACAEF}"
EndProject
Project("{FAE04EC0-301F-11D3-BF4B-00C04F79EFBC}") = "Persistence", "..\Persistence\Persistence.csproj", "{631FF8F4-D253-4945-B08B-621CCB632A3E}"
EndProject
Global
	GlobalSection(SolutionConfigurationPlatforms) = preSolution
		Debug|Any CPU = Debug|Any CPU
		Release|Any CPU = Release|Any CPU
	EndGlobalSection
	GlobalSection(ProjectConfigurationPlatforms) = postSolution
		{09C4158D-E5E1-497F-AD6E-DC976BA7E152}.Debug|Any CPU.ActiveCfg = Debug|Any CPU
		{09C4158D-E5E1-497F-AD6E-DC976BA7E152}.Debug|Any CPU.Build.0 = Debug|Any CPU
		{09C4158D-E5E1-497F-AD6E-DC976BA7E152}.Release|Any CPU.ActiveCfg = Release|Any CPU
		{09C4158D-E5E1-497F-AD6E-DC976BA7E152}.Release|Any CPU.Build.0 = Release|Any CPU
		{3288CEC4-AC11-4F78-8EBF-2DB55E3F7F2B}.Debug|Any CPU.ActiveCfg = Debug|Any CPU
		{3288CEC4-AC11-4F78-8EBF-2DB55E3F7F2B}.Debug|Any CPU.Build.0 = Debug|Any CPU
		{3288CEC4-AC11-4F78-8EBF-2DB55E3F7F2B}.Release|Any CPU.ActiveCfg = Release|Any CPU
		{3288CEC4-AC11-4F78-8EBF-2DB55E3F7F2B}.Release|Any CPU.Build.0 = Release|Any CPU
		{C97D989F-744E-45B9-94D8-A3E1F5CA437A}.Debug|Any CPU.ActiveCfg = Debug|Any CPU
		{C97D989F-744E-45B9-94D8-A3E1F5CA437A}.Debug|Any CPU.Build.0 = Debug|Any CPU
		{C97D989F-744E-45B9-94D8-A3E1F5CA437A}.Release|Any CPU.ActiveCfg = Release|Any CPU
		{C97D989F-744E-45B9-94D8-A3E1F5CA437A}.Release|Any CPU.Build.0 = Release|Any CPU
		{DBF44FF3-DBDB-4D91-9721-67E5D1BACAEF}.Debug|Any CPU.ActiveCfg = Debug|Any CPU
		{DBF44FF3-DBDB-4D91-9721-67E5D1BACAEF}.Debug|Any CPU.Build.0 = Debug|Any CPU
		{DBF44FF3-DBDB-4D91-9721-67E5D1BACAEF}.Release|Any CPU.ActiveCfg = Release|Any CPU
		{DBF44FF3-DBDB-4D91-9721-67E5D1BACAEF}.Release|Any CPU.Build.0 = Release|Any CPU
		{631FF8F4-D253-4945-B08B-621CCB632A3E}.Debug|Any CPU.ActiveCfg = Debug|Any CPU
		{631FF8F4-D253-4945-B08B-621CCB632A3E}.Debug|Any CPU.Build.0 = Debug|Any CPU
		{631FF8F4-D253-4945-B08B-621CCB632A3E}.Release|Any CPU.ActiveCfg = Release|Any CPU
		{631FF8F4-D253-4945-B08B-621CCB632A3E}.Release|Any CPU.Build.0 = Release|Any CPU
	EndGlobalSection
	GlobalSection(SolutionProperties) = preSolution
		HideSolutionNode = FALSE
	EndGlobalSection
	GlobalSection(ExtensibilityGlobals) = postSolution
		SolutionGuid = {7DA0DE9D-EF28-497C-A6CE-AB9EA21127A4}
	EndGlobalSection
EndGlobal
